
Microsoft Visual Studio Solution File, Format Version 12.00
# Visual Studio 15
VisualStudioVersion = 15.0.27130.2020
MinimumVisualStudioVersion = 10.0.40219.1
Project("{FAE04EC0-301F-11D3-BF4B-00C04F79EFBC}") = "Project Euler", "Project Euler\Project Euler.csproj", "{54642B7A-E9DC-4014-9C84-1E6102AB07D8}"
EndProject
Global
	GlobalSection(SolutionConfigurationPlatforms) = preSolution
		Debug|Any CPU = Debug|Any CPU
		Release|Any CPU = Release|Any CPU
	EndGlobalSection
	GlobalSection(ProjectConfigurationPlatforms) = postSolution
		{54642B7A-E9DC-4014-9C84-1E6102AB07D8}.Debug|Any CPU.ActiveCfg = Debug|Any CPU
		{54642B7A-E9DC-4014-9C84-1E6102AB07D8}.Debug|Any CPU.Build.0 = Debug|Any CPU
		{54642B7A-E9DC-4014-9C84-1E6102AB07D8}.Release|Any CPU.ActiveCfg = Release|Any CPU
		{54642B7A-E9DC-4014-9C84-1E6102AB07D8}.Release|Any CPU.Build.0 = Release|Any CPU
	EndGlobalSection
	GlobalSection(SolutionProperties) = preSolution
		HideSolutionNode = FALSE
	EndGlobalSection
	GlobalSection(ExtensibilityGlobals) = postSolution
		SolutionGuid = {876A7B86-0D5D-4167-9FC0-FD79FFD3040A}
	EndGlobalSection
EndGlobal
